
Microsoft Visual Studio Solution File, Format Version 12.00
# Visual Studio Version 16
VisualStudioVersion = 16.0.29905.134
MinimumVisualStudioVersion = 10.0.40219.1
Project("{8BC9CEB8-8B4A-11D0-8D11-00A0C91BC942}") = "GameServer", "GameServer\GameServer.vcxproj", "{978CAD3C-1771-471C-9D89-C3E0C19BA5FF}"
EndProject
Project("{8BC9CEB8-8B4A-11D0-8D11-00A0C91BC942}") = "DummyClient", "DummyClient\DummyClient.vcxproj", "{886E5A47-E9FD-4D7A-A108-916FEA30D8F2}"
EndProject
Project("{8BC9CEB8-8B4A-11D0-8D11-00A0C91BC942}") = "ServerCore", "ServerCore\ServerCore.vcxproj", "{F556C51E-BFC4-4F85-AF1F-E44BB98F16AE}"
EndProject
Global
	GlobalSection(SolutionConfigurationPlatforms) = preSolution
		Debug|x64 = Debug|x64
		Debug|x86 = Debug|x86
		Release|x64 = Release|x64
		Release|x86 = Release|x86
	EndGlobalSection
	GlobalSection(ProjectConfigurationPlatforms) = postSolution
		{978CAD3C-1771-471C-9D89-C3E0C19BA5FF}.Debug|x64.ActiveCfg = Debug|x64
		{978CAD3C-1771-471C-9D89-C3E0C19BA5FF}.Debug|x64.Build.0 = Debug|x64
		{978CAD3C-1771-471C-9D89-C3E0C19BA5FF}.Debug|x86.ActiveCfg = Debug|Win32
		{978CAD3C-1771-471C-9D89-C3E0C19BA5FF}.Debug|x86.Build.0 = Debug|Win32
		{978CAD3C-1771-471C-9D89-C3E0C19BA5FF}.Release|x64.ActiveCfg = Release|x64
		{978CAD3C-1771-471C-9D89-C3E0C19BA5FF}.Release|x64.Build.0 = Release|x64
		{978CAD3C-1771-471C-9D89-C3E0C19BA5FF}.Release|x86.ActiveCfg = Release|Win32
		{978CAD3C-1771-471C-9D89-C3E0C19BA5FF}.Release|x86.Build.0 = Release|Win32
		{886E5A47-E9FD-4D7A-A108-916FEA30D8F2}.Debug|x64.ActiveCfg = Debug|x64
		{886E5A47-E9FD-4D7A-A108-916FEA30D8F2}.Debug|x64.Build.0 = Debug|x64
		{886E5A47-E9FD-4D7A-A108-916FEA30D8F2}.Debug|x86.ActiveCfg = Debug|Win32
		{886E5A47-E9FD-4D7A-A108-916FEA30D8F2}.Debug|x86.Build.0 = Debug|Win32
		{886E5A47-E9FD-4D7A-A108-916FEA30D8F2}.Release|x64.ActiveCfg = Release|x64
		{886E5A47-E9FD-4D7A-A108-916FEA30D8F2}.Release|x64.Build.0 = Release|x64
		{886E5A47-E9FD-4D7A-A108-916FEA30D8F2}.Release|x86.ActiveCfg = Release|Win32
		{886E5A47-E9FD-4D7A-A108-916FEA30D8F2}.Release|x86.Build.0 = Release|Win32
		{F556C51E-BFC4-4F85-AF1F-E44BB98F16AE}.Debug|x64.ActiveCfg = Debug|x64
		{F556C51E-BFC4-4F85-AF1F-E44BB98F16AE}.Debug|x64.Build.0 = Debug|x64
		{F556C51E-BFC4-4F85-AF1F-E44BB98F16AE}.Debug|x86.ActiveCfg = Debug|Win32
		{F556C51E-BFC4-4F85-AF1F-E44BB98F16AE}.Debug|x86.Build.0 = Debug|Win32
		{F556C51E-BFC4-4F85-AF1F-E44BB98F16AE}.Release|x64.ActiveCfg = Release|x64
		{F556C51E-BFC4-4F85-AF1F-E44BB98F16AE}.Release|x64.Build.0 = Release|x64
		{F556C51E-BFC4-4F85-AF1F-E44BB98F16AE}.Release|x86.ActiveCfg = Release|Win32
		{F556C51E-BFC4-4F85-AF1F-E44BB98F16AE}.Release|x86.Build.0 = Release|Win32
	EndGlobalSection
	GlobalSection(SolutionProperties) = preSolution
		HideSolutionNode = FALSE
	EndGlobalSection
	GlobalSection(ExtensibilityGlobals) = postSolution
		SolutionGuid = {DF446623-21AC-4694-9B14-72F855CA793B}
	EndGlobalSection
EndGlobal
